// !$*UTF8*$!
{
	archiveVersion = 1;
	classes = {
	};
	objectVersion = 56;
	objects = {

/* Begin PBXBuildFile section */
		3942069E293E429C0035F9C4 /* BaseRobot.swift in Sources */ = {isa = PBXBuildFile; fileRef = 3942069D293E429C0035F9C4 /* BaseRobot.swift */; };
		394206A1293E44B20035F9C4 /* HomeScreenRobot.swift in Sources */ = {isa = PBXBuildFile; fileRef = 394206A0293E44B20035F9C4 /* HomeScreenRobot.swift */; };
		39709E71293E3C91008443B2 /* appium_demo_appApp.swift in Sources */ = {isa = PBXBuildFile; fileRef = 39709E70293E3C91008443B2 /* appium_demo_appApp.swift */; };
		39709E73293E3C91008443B2 /* ContentView.swift in Sources */ = {isa = PBXBuildFile; fileRef = 39709E72293E3C91008443B2 /* ContentView.swift */; };
		39709E75293E3C92008443B2 /* Assets.xcassets in Resources */ = {isa = PBXBuildFile; fileRef = 39709E74293E3C92008443B2 /* Assets.xcassets */; };
		39709E78293E3C92008443B2 /* Preview Assets.xcassets in Resources */ = {isa = PBXBuildFile; fileRef = 39709E77293E3C92008443B2 /* Preview Assets.xcassets */; };
		39709E82293E3C92008443B2 /* appium_demo_appTests.swift in Sources */ = {isa = PBXBuildFile; fileRef = 39709E81293E3C92008443B2 /* appium_demo_appTests.swift */; };
		39709E8C293E3C92008443B2 /* appium_demo_appUITests.swift in Sources */ = {isa = PBXBuildFile; fileRef = 39709E8B293E3C92008443B2 /* appium_demo_appUITests.swift */; };
		39709E8E293E3C92008443B2 /* appium_demo_appUITestsLaunchTests.swift in Sources */ = {isa = PBXBuildFile; fileRef = 39709E8D293E3C92008443B2 /* appium_demo_appUITestsLaunchTests.swift */; };
/* End PBXBuildFile section */

/* Begin PBXContainerItemProxy section */
		39709E7E293E3C92008443B2 /* PBXContainerItemProxy */ = {
			isa = PBXContainerItemProxy;
			containerPortal = 39709E65293E3C91008443B2 /* Project object */;
			proxyType = 1;
			remoteGlobalIDString = 39709E6C293E3C91008443B2;
			remoteInfo = appium_demo_app;
		};
		39709E88293E3C92008443B2 /* PBXContainerItemProxy */ = {
			isa = PBXContainerItemProxy;
			containerPortal = 39709E65293E3C91008443B2 /* Project object */;
			proxyType = 1;
			remoteGlobalIDString = 39709E6C293E3C91008443B2;
			remoteInfo = appium_demo_app;
		};
/* End PBXContainerItemProxy section */

/* Begin PBXFileReference section */
		3942069D293E429C0035F9C4 /* BaseRobot.swift */ = {isa = PBXFileReference; lastKnownFileType = sourcecode.swift; path = BaseRobot.swift; sourceTree = "<group>"; };
		394206A0293E44B20035F9C4 /* HomeScreenRobot.swift */ = {isa = PBXFileReference; lastKnownFileType = sourcecode.swift; path = HomeScreenRobot.swift; sourceTree = "<group>"; };
		39709E6D293E3C91008443B2 /* appium_demo_app.app */ = {isa = PBXFileReference; explicitFileType = wrapper.application; includeInIndex = 0; path = appium_demo_app.app; sourceTree = BUILT_PRODUCTS_DIR; };
		39709E70293E3C91008443B2 /* appium_demo_appApp.swift */ = {isa = PBXFileReference; lastKnownFileType = sourcecode.swift; path = appium_demo_appApp.swift; sourceTree = "<group>"; };
		39709E72293E3C91008443B2 /* ContentView.swift */ = {isa = PBXFileReference; lastKnownFileType = sourcecode.swift; path = ContentView.swift; sourceTree = "<group>"; };
		39709E74293E3C92008443B2 /* Assets.xcassets */ = {isa = PBXFileReference; lastKnownFileType = folder.assetcatalog; path = Assets.xcassets; sourceTree = "<group>"; };
		39709E77293E3C92008443B2 /* Preview Assets.xcassets */ = {isa = PBXFileReference; lastKnownFileType = folder.assetcatalog; path = "Preview Assets.xcassets"; sourceTree = "<group>"; };
		39709E7D293E3C92008443B2 /* appium_demo_appTests.xctest */ = {isa = PBXFileReference; explicitFileType = wrapper.cfbundle; includeInIndex = 0; path = appium_demo_appTests.xctest; sourceTree = BUILT_PRODUCTS_DIR; };
		39709E81293E3C92008443B2 /* appium_demo_appTests.swift */ = {isa = PBXFileReference; lastKnownFileType = sourcecode.swift; path = appium_demo_appTests.swift; sourceTree = "<group>"; };
		39709E87293E3C92008443B2 /* appium_demo_appUITests.xctest */ = {isa = PBXFileReference; explicitFileType = wrapper.cfbundle; includeInIndex = 0; path = appium_demo_appUITests.xctest; sourceTree = BUILT_PRODUCTS_DIR; };
		39709E8B293E3C92008443B2 /* appium_demo_appUITests.swift */ = {isa = PBXFileReference; lastKnownFileType = sourcecode.swift; path = appium_demo_appUITests.swift; sourceTree = "<group>"; };
		39709E8D293E3C92008443B2 /* appium_demo_appUITestsLaunchTests.swift */ = {isa = PBXFileReference; lastKnownFileType = sourcecode.swift; path = appium_demo_appUITestsLaunchTests.swift; sourceTree = "<group>"; };
/* End PBXFileReference section */

/* Begin PBXFrameworksBuildPhase section */
		39709E6A293E3C91008443B2 /* Frameworks */ = {
			isa = PBXFrameworksBuildPhase;
			buildActionMask = 2147483647;
			files = (
			);
			runOnlyForDeploymentPostprocessing = 0;
		};
		39709E7A293E3C92008443B2 /* Frameworks */ = {
			isa = PBXFrameworksBuildPhase;
			buildActionMask = 2147483647;
			files = (
			);
			runOnlyForDeploymentPostprocessing = 0;
		};
		39709E84293E3C92008443B2 /* Frameworks */ = {
			isa = PBXFrameworksBuildPhase;
			buildActionMask = 2147483647;
			files = (
			);
			runOnlyForDeploymentPostprocessing = 0;
		};
/* End PBXFrameworksBuildPhase section */

/* Begin PBXGroup section */
		3942069C293E427E0035F9C4 /* test_helper */ = {
			isa = PBXGroup;
			children = (
				3942069D293E429C0035F9C4 /* BaseRobot.swift */,
			);
			path = test_helper;
			sourceTree = "<group>";
		};
		3942069F293E449F0035F9C4 /* homescreen */ = {
			isa = PBXGroup;
			children = (
				394206A0293E44B20035F9C4 /* HomeScreenRobot.swift */,
			);
			path = homescreen;
			sourceTree = "<group>";
		};
		39709E64293E3C91008443B2 = {
			isa = PBXGroup;
			children = (
				39709E6F293E3C91008443B2 /* appium_demo_app */,
				39709E80293E3C92008443B2 /* appium_demo_appTests */,
				39709E8A293E3C92008443B2 /* appium_demo_appUITests */,
				39709E6E293E3C91008443B2 /* Products */,
			);
			sourceTree = "<group>";
		};
		39709E6E293E3C91008443B2 /* Products */ = {
			isa = PBXGroup;
			children = (
				39709E6D293E3C91008443B2 /* appium_demo_app.app */,
				39709E7D293E3C92008443B2 /* appium_demo_appTests.xctest */,
				39709E87293E3C92008443B2 /* appium_demo_appUITests.xctest */,
			);
			name = Products;
			sourceTree = "<group>";
		};
		39709E6F293E3C91008443B2 /* appium_demo_app */ = {
			isa = PBXGroup;
			children = (
				39709E70293E3C91008443B2 /* appium_demo_appApp.swift */,
				39709E72293E3C91008443B2 /* ContentView.swift */,
				39709E74293E3C92008443B2 /* Assets.xcassets */,
				39709E76293E3C92008443B2 /* Preview Content */,
			);
			path = appium_demo_app;
			sourceTree = "<group>";
		};
		39709E76293E3C92008443B2 /* Preview Content */ = {
			isa = PBXGroup;
			children = (
				39709E77293E3C92008443B2 /* Preview Assets.xcassets */,
			);
			path = "Preview Content";
			sourceTree = "<group>";
		};
		39709E80293E3C92008443B2 /* appium_demo_appTests */ = {
			isa = PBXGroup;
			children = (
				39709E81293E3C92008443B2 /* appium_demo_appTests.swift */,
			);
			path = appium_demo_appTests;
			sourceTree = "<group>";
		};
		39709E8A293E3C92008443B2 /* appium_demo_appUITests */ = {
			isa = PBXGroup;
			children = (
				3942069F293E449F0035F9C4 /* homescreen */,
				3942069C293E427E0035F9C4 /* test_helper */,
				39709E8B293E3C92008443B2 /* appium_demo_appUITests.swift */,
				39709E8D293E3C92008443B2 /* appium_demo_appUITestsLaunchTests.swift */,
			);
			path = appium_demo_appUITests;
			sourceTree = "<group>";
		};
/* End PBXGroup section */

/* Begin PBXNativeTarget section */
		39709E6C293E3C91008443B2 /* appium_demo_app */ = {
			isa = PBXNativeTarget;
			buildConfigurationList = 39709E91293E3C92008443B2 /* Build configuration list for PBXNativeTarget "appium_demo_app" */;
			buildPhases = (
				39709E69293E3C91008443B2 /* Sources */,
				39709E6A293E3C91008443B2 /* Frameworks */,
				39709E6B293E3C91008443B2 /* Resources */,
			);
			buildRules = (
			);
			dependencies = (
			);
			name = appium_demo_app;
			productName = appium_demo_app;
			productReference = 39709E6D293E3C91008443B2 /* appium_demo_app.app */;
			productType = "com.apple.product-type.application";
		};
		39709E7C293E3C92008443B2 /* appium_demo_appTests */ = {
			isa = PBXNativeTarget;
			buildConfigurationList = 39709E94293E3C92008443B2 /* Build configuration list for PBXNativeTarget "appium_demo_appTests" */;
			buildPhases = (
				39709E79293E3C92008443B2 /* Sources */,
				39709E7A293E3C92008443B2 /* Frameworks */,
				39709E7B293E3C92008443B2 /* Resources */,
			);
			buildRules = (
			);
			dependencies = (
				39709E7F293E3C92008443B2 /* PBXTargetDependency */,
			);
			name = appium_demo_appTests;
			productName = appium_demo_appTests;
			productReference = 39709E7D293E3C92008443B2 /* appium_demo_appTests.xctest */;
			productType = "com.apple.product-type.bundle.unit-test";
		};
		39709E86293E3C92008443B2 /* appium_demo_appUITests */ = {
			isa = PBXNativeTarget;
			buildConfigurationList = 39709E97293E3C92008443B2 /* Build configuration list for PBXNativeTarget "appium_demo_appUITests" */;
			buildPhases = (
				39709E83293E3C92008443B2 /* Sources */,
				39709E84293E3C92008443B2 /* Frameworks */,
				39709E85293E3C92008443B2 /* Resources */,
			);
			buildRules = (
			);
			dependencies = (
				39709E89293E3C92008443B2 /* PBXTargetDependency */,
			);
			name = appium_demo_appUITests;
			productName = appium_demo_appUITests;
			productReference = 39709E87293E3C92008443B2 /* appium_demo_appUITests.xctest */;
			productType = "com.apple.product-type.bundle.ui-testing";
		};
/* End PBXNativeTarget section */

/* Begin PBXProject section */
		39709E65293E3C91008443B2 /* Project object */ = {
			isa = PBXProject;
			attributes = {
				BuildIndependentTargetsInParallel = 1;
				LastSwiftUpdateCheck = 1400;
				LastUpgradeCheck = 1400;
				TargetAttributes = {
					39709E6C293E3C91008443B2 = {
						CreatedOnToolsVersion = 14.0.1;
					};
					39709E7C293E3C92008443B2 = {
						CreatedOnToolsVersion = 14.0.1;
						TestTargetID = 39709E6C293E3C91008443B2;
					};
					39709E86293E3C92008443B2 = {
						CreatedOnToolsVersion = 14.0.1;
						TestTargetID = 39709E6C293E3C91008443B2;
					};
				};
			};
			buildConfigurationList = 39709E68293E3C91008443B2 /* Build configuration list for PBXProject "appium_demo_app" */;
			compatibilityVersion = "Xcode 14.0";
			developmentRegion = en;
			hasScannedForEncodings = 0;
			knownRegions = (
				en,
				Base,
			);
			mainGroup = 39709E64293E3C91008443B2;
			productRefGroup = 39709E6E293E3C91008443B2 /* Products */;
			projectDirPath = "";
			projectRoot = "";
			targets = (
				39709E6C293E3C91008443B2 /* appium_demo_app */,
				39709E7C293E3C92008443B2 /* appium_demo_appTests */,
				39709E86293E3C92008443B2 /* appium_demo_appUITests */,
			);
		};
/* End PBXProject section */

/* Begin PBXResourcesBuildPhase section */
		39709E6B293E3C91008443B2 /* Resources */ = {
			isa = PBXResourcesBuildPhase;
			buildActionMask = 2147483647;
			files = (
				39709E78293E3C92008443B2 /* Preview Assets.xcassets in Resources */,
				39709E75293E3C92008443B2 /* Assets.xcassets in Resources */,
			);
			runOnlyForDeploymentPostprocessing = 0;
		};
		39709E7B293E3C92008443B2 /* Resources */ = {
			isa = PBXResourcesBuildPhase;
			buildActionMask = 2147483647;
			files = (
			);
			runOnlyForDeploymentPostprocessing = 0;
		};
		39709E85293E3C92008443B2 /* Resources */ = {
			isa = PBXResourcesBuildPhase;
			buildActionMask = 2147483647;
			files = (
			);
			runOnlyForDeploymentPostprocessing = 0;
		};
/* End PBXResourcesBuildPhase section */

/* Begin PBXSourcesBuildPhase section */
		39709E69293E3C91008443B2 /* Sources */ = {
			isa = PBXSourcesBuildPhase;
			buildActionMask = 2147483647;
			files = (
				39709E73293E3C91008443B2 /* ContentView.swift in Sources */,
				39709E71293E3C91008443B2 /* appium_demo_appApp.swift in Sources */,
			);
			runOnlyForDeploymentPostprocessing = 0;
		};
		39709E79293E3C92008443B2 /* Sources */ = {
			isa = PBXSourcesBuildPhase;
			buildActionMask = 2147483647;
			files = (
				39709E82293E3C92008443B2 /* appium_demo_appTests.swift in Sources */,
			);
			runOnlyForDeploymentPostprocessing = 0;
		};
		39709E83293E3C92008443B2 /* Sources */ = {
			isa = PBXSourcesBuildPhase;
			buildActionMask = 2147483647;
			files = (
				3942069E293E429C0035F9C4 /* BaseRobot.swift in Sources */,
				39709E8C293E3C92008443B2 /* appium_demo_appUITests.swift in Sources */,
				39709E8E293E3C92008443B2 /* appium_demo_appUITestsLaunchTests.swift in Sources */,
				394206A1293E44B20035F9C4 /* HomeScreenRobot.swift in Sources */,
			);
			runOnlyForDeploymentPostprocessing = 0;
		};
/* End PBXSourcesBuildPhase section */

/* Begin PBXTargetDependency section */
		39709E7F293E3C92008443B2 /* PBXTargetDependency */ = {
			isa = PBXTargetDependency;
			target = 39709E6C293E3C91008443B2 /* appium_demo_app */;
			targetProxy = 39709E7E293E3C92008443B2 /* PBXContainerItemProxy */;
		};
		39709E89293E3C92008443B2 /* PBXTargetDependency */ = {
			isa = PBXTargetDependency;
			target = 39709E6C293E3C91008443B2 /* appium_demo_app */;
			targetProxy = 39709E88293E3C92008443B2 /* PBXContainerItemProxy */;
		};
/* End PBXTargetDependency section */

/* Begin XCBuildConfiguration section */
		39709E8F293E3C92008443B2 /* Debug */ = {
			isa = XCBuildConfiguration;
			buildSettings = {
				ALWAYS_SEARCH_USER_PATHS = NO;
				CLANG_ANALYZER_NONNULL = YES;
				CLANG_ANALYZER_NUMBER_OBJECT_CONVERSION = YES_AGGRESSIVE;
				CLANG_CXX_LANGUAGE_STANDARD = "gnu++20";
				CLANG_ENABLE_MODULES = YES;
				CLANG_ENABLE_OBJC_ARC = YES;
				CLANG_ENABLE_OBJC_WEAK = YES;
				CLANG_WARN_BLOCK_CAPTURE_AUTORELEASING = YES;
				CLANG_WARN_BOOL_CONVERSION = YES;
				CLANG_WARN_COMMA = YES;
				CLANG_WARN_CONSTANT_CONVERSION = YES;
				CLANG_WARN_DEPRECATED_OBJC_IMPLEMENTATIONS = YES;
				CLANG_WARN_DIRECT_OBJC_ISA_USAGE = YES_ERROR;
				CLANG_WARN_DOCUMENTATION_COMMENTS = YES;
				CLANG_WARN_EMPTY_BODY = YES;
				CLANG_WARN_ENUM_CONVERSION = YES;
				CLANG_WARN_INFINITE_RECURSION = YES;
				CLANG_WARN_INT_CONVERSION = YES;
				CLANG_WARN_NON_LITERAL_NULL_CONVERSION = YES;
				CLANG_WARN_OBJC_IMPLICIT_RETAIN_SELF = YES;
				CLANG_WARN_OBJC_LITERAL_CONVERSION = YES;
				CLANG_WARN_OBJC_ROOT_CLASS = YES_ERROR;
				CLANG_WARN_QUOTED_INCLUDE_IN_FRAMEWORK_HEADER = YES;
				CLANG_WARN_RANGE_LOOP_ANALYSIS = YES;
				CLANG_WARN_STRICT_PROTOTYPES = YES;
				CLANG_WARN_SUSPICIOUS_MOVE = YES;
				CLANG_WARN_UNGUARDED_AVAILABILITY = YES_AGGRESSIVE;
				CLANG_WARN_UNREACHABLE_CODE = YES;
				CLANG_WARN__DUPLICATE_METHOD_MATCH = YES;
				COPY_PHASE_STRIP = NO;
				DEBUG_INFORMATION_FORMAT = dwarf;
				ENABLE_STRICT_OBJC_MSGSEND = YES;
				ENABLE_TESTABILITY = YES;
				GCC_C_LANGUAGE_STANDARD = gnu11;
				GCC_DYNAMIC_NO_PIC = NO;
				GCC_NO_COMMON_BLOCKS = YES;
				GCC_OPTIMIZATION_LEVEL = 0;
				GCC_PREPROCESSOR_DEFINITIONS = (
					"DEBUG=1",
					"$(inherited)",
				);
				GCC_WARN_64_TO_32_BIT_CONVERSION = YES;
				GCC_WARN_ABOUT_RETURN_TYPE = YES_ERROR;
				GCC_WARN_UNDECLARED_SELECTOR = YES;
				GCC_WARN_UNINITIALIZED_AUTOS = YES_AGGRESSIVE;
				GCC_WARN_UNUSED_FUNCTION = YES;
				GCC_WARN_UNUSED_VARIABLE = YES;
				IPHONEOS_DEPLOYMENT_TARGET = 16.0;
				MTL_ENABLE_DEBUG_INFO = INCLUDE_SOURCE;
				MTL_FAST_MATH = YES;
				ONLY_ACTIVE_ARCH = YES;
				SDKROOT = iphoneos;
				SWIFT_ACTIVE_COMPILATION_CONDITIONS = DEBUG;
				SWIFT_OPTIMIZATION_LEVEL = "-Onone";
			};
			name = Debug;
		};
		39709E90293E3C92008443B2 /* Release */ = {
			isa = XCBuildConfiguration;
			buildSettings = {
				ALWAYS_SEARCH_USER_PATHS = NO;
				CLANG_ANALYZER_NONNULL = YES;
				CLANG_ANALYZER_NUMBER_OBJECT_CONVERSION = YES_AGGRESSIVE;
				CLANG_CXX_LANGUAGE_STANDARD = "gnu++20";
				CLANG_ENABLE_MODULES = YES;
				CLANG_ENABLE_OBJC_ARC = YES;
				CLANG_ENABLE_OBJC_WEAK = YES;
				CLANG_WARN_BLOCK_CAPTURE_AUTORELEASING = YES;
				CLANG_WARN_BOOL_CONVERSION = YES;
				CLANG_WARN_COMMA = YES;
				CLANG_WARN_CONSTANT_CONVERSION = YES;
				CLANG_WARN_DEPRECATED_OBJC_IMPLEMENTATIONS = YES;
				CLANG_WARN_DIRECT_OBJC_ISA_USAGE = YES_ERROR;
				CLANG_WARN_DOCUMENTATION_COMMENTS = YES;
				CLANG_WARN_EMPTY_BODY = YES;
				CLANG_WARN_ENUM_CONVERSION = YES;
				CLANG_WARN_INFINITE_RECURSION = YES;
				CLANG_WARN_INT_CONVERSION = YES;
				CLANG_WARN_NON_LITERAL_NULL_CONVERSION = YES;
				CLANG_WARN_OBJC_IMPLICIT_RETAIN_SELF = YES;
				CLANG_WARN_OBJC_LITERAL_CONVERSION = YES;
				CLANG_WARN_OBJC_ROOT_CLASS = YES_ERROR;
				CLANG_WARN_QUOTED_INCLUDE_IN_FRAMEWORK_HEADER = YES;
				CLANG_WARN_RANGE_LOOP_ANALYSIS = YES;
				CLANG_WARN_STRICT_PROTOTYPES = YES;
				CLANG_WARN_SUSPICIOUS_MOVE = YES;
				CLANG_WARN_UNGUARDED_AVAILABILITY = YES_AGGRESSIVE;
				CLANG_WARN_UNREACHABLE_CODE = YES;
				CLANG_WARN__DUPLICATE_METHOD_MATCH = YES;
				COPY_PHASE_STRIP = NO;
				DEBUG_INFORMATION_FORMAT = "dwarf-with-dsym";
				ENABLE_NS_ASSERTIONS = NO;
				ENABLE_STRICT_OBJC_MSGSEND = YES;
				GCC_C_LANGUAGE_STANDARD = gnu11;
				GCC_NO_COMMON_BLOCKS = YES;
				GCC_WARN_64_TO_32_BIT_CONVERSION = YES;
				GCC_WARN_ABOUT_RETURN_TYPE = YES_ERROR;
				GCC_WARN_UNDECLARED_SELECTOR = YES;
				GCC_WARN_UNINITIALIZED_AUTOS = YES_AGGRESSIVE;
				GCC_WARN_UNUSED_FUNCTION = YES;
				GCC_WARN_UNUSED_VARIABLE = YES;
				IPHONEOS_DEPLOYMENT_TARGET = 16.0;
				MTL_ENABLE_DEBUG_INFO = NO;
				MTL_FAST_MATH = YES;
				SDKROOT = iphoneos;
				SWIFT_COMPILATION_MODE = wholemodule;
				SWIFT_OPTIMIZATION_LEVEL = "-O";
				VALIDATE_PRODUCT = YES;
			};
			name = Release;
		};
		39709E92293E3C92008443B2 /* Debug */ = {
			isa = XCBuildConfiguration;
			buildSettings = {
				ASSETCATALOG_COMPILER_APPICON_NAME = AppIcon;
				ASSETCATALOG_COMPILER_GLOBAL_ACCENT_COLOR_NAME = AccentColor;
				CODE_SIGN_STYLE = Automatic;
				CURRENT_PROJECT_VERSION = 1;
				DEVELOPMENT_ASSET_PATHS = "\"appium_demo_app/Preview Content\"";
				ENABLE_PREVIEWS = YES;
				GENERATE_INFOPLIST_FILE = YES;
				INFOPLIST_KEY_UIApplicationSceneManifest_Generation = YES;
				INFOPLIST_KEY_UIApplicationSupportsIndirectInputEvents = YES;
				INFOPLIST_KEY_UILaunchScreen_Generation = YES;
				INFOPLIST_KEY_UISupportedInterfaceOrientations_iPad = "UIInterfaceOrientationPortrait UIInterfaceOrientationPortraitUpsideDown UIInterfaceOrientationLandscapeLeft UIInterfaceOrientationLandscapeRight";
				INFOPLIST_KEY_UISupportedInterfaceOrientations_iPhone = "UIInterfaceOrientationPortrait UIInterfaceOrientationLandscapeLeft UIInterfaceOrientationLandscapeRight";
				LD_RUNPATH_SEARCH_PATHS = (
					"$(inherited)",
					"@executable_path/Frameworks",
				);
				MARKETING_VERSION = 1.0;
				PRODUCT_BUNDLE_IDENTIFIER = "com.salam.appiumdemo.appium-demo-app";
				PRODUCT_NAME = "$(TARGET_NAME)";
				SWIFT_EMIT_LOC_STRINGS = YES;
				SWIFT_VERSION = 5.0;
				TARGETED_DEVICE_FAMILY = "1,2";
			};
			name = Debug;
		};
		39709E93293E3C92008443B2 /* Release */ = {
			isa = XCBuildConfiguration;
			buildSettings = {
				ASSETCATALOG_COMPILER_APPICON_NAME = AppIcon;
				ASSETCATALOG_COMPILER_GLOBAL_ACCENT_COLOR_NAME = AccentColor;
				CODE_SIGN_STYLE = Automatic;
				CURRENT_PROJECT_VERSION = 1;
				DEVELOPMENT_ASSET_PATHS = "\"appium_demo_app/Preview Content\"";
				ENABLE_PREVIEWS = YES;
				GENERATE_INFOPLIST_FILE = YES;
				INFOPLIST_KEY_UIApplicationSceneManifest_Generation = YES;
				INFOPLIST_KEY_UIApplicationSupportsIndirectInputEvents = YES;
				INFOPLIST_KEY_UILaunchScreen_Generation = YES;
				INFOPLIST_KEY_UISupportedInterfaceOrientations_iPad = "UIInterfaceOrientationPortrait UIInterfaceOrientationPortraitUpsideDown UIInterfaceOrientationLandscapeLeft UIInterfaceOrientationLandscapeRight";
				INFOPLIST_KEY_UISupportedInterfaceOrientations_iPhone = "UIInterfaceOrientationPortrait UIInterfaceOrientationLandscapeLeft UIInterfaceOrientationLandscapeRight";
				LD_RUNPATH_SEARCH_PATHS = (
					"$(inherited)",
					"@executable_path/Frameworks",
				);
				MARKETING_VERSION = 1.0;
				PRODUCT_BUNDLE_IDENTIFIER = "com.salam.appiumdemo.appium-demo-app";
				PRODUCT_NAME = "$(TARGET_NAME)";
				SWIFT_EMIT_LOC_STRINGS = YES;
				SWIFT_VERSION = 5.0;
				TARGETED_DEVICE_FAMILY = "1,2";
			};
			name = Release;
		};
		39709E95293E3C92008443B2 /* Debug */ = {
			isa = XCBuildConfiguration;
			buildSettings = {
				ALWAYS_EMBED_SWIFT_STANDARD_LIBRARIES = YES;
				BUNDLE_LOADER = "$(TEST_HOST)";
				CODE_SIGN_STYLE = Automatic;
				CURRENT_PROJECT_VERSION = 1;
				GENERATE_INFOPLIST_FILE = YES;
				IPHONEOS_DEPLOYMENT_TARGET = 16.0;
				MARKETING_VERSION = 1.0;
				PRODUCT_BUNDLE_IDENTIFIER = "com.salam.appiumdemo.appium-demo-appTests";
				PRODUCT_NAME = "$(TARGET_NAME)";
				SWIFT_EMIT_LOC_STRINGS = NO;
				SWIFT_VERSION = 5.0;
				TARGETED_DEVICE_FAMILY = "1,2";
				TEST_HOST = "$(BUILT_PRODUCTS_DIR)/appium_demo_app.app/$(BUNDLE_EXECUTABLE_FOLDER_PATH)/appium_demo_app";
			};
			name = Debug;
		};
		39709E96293E3C92008443B2 /* Release */ = {
			isa = XCBuildConfiguration;
			buildSettings = {
				ALWAYS_EMBED_SWIFT_STANDARD_LIBRARIES = YES;
				BUNDLE_LOADER = "$(TEST_HOST)";
				CODE_SIGN_STYLE = Automatic;
				CURRENT_PROJECT_VERSION = 1;
				GENERATE_INFOPLIST_FILE = YES;
				IPHONEOS_DEPLOYMENT_TARGET = 16.0;
				MARKETING_VERSION = 1.0;
				PRODUCT_BUNDLE_IDENTIFIER = "com.salam.appiumdemo.appium-demo-appTests";
				PRODUCT_NAME = "$(TARGET_NAME)";
				SWIFT_EMIT_LOC_STRINGS = NO;
				SWIFT_VERSION = 5.0;
				TARGETED_DEVICE_FAMILY = "1,2";
				TEST_HOST = "$(BUILT_PRODUCTS_DIR)/appium_demo_app.app/$(BUNDLE_EXECUTABLE_FOLDER_PATH)/appium_demo_app";
			};
			name = Release;
		};
		39709E98293E3C92008443B2 /* Debug */ = {
			isa = XCBuildConfiguration;
			buildSettings = {
				ALWAYS_EMBED_SWIFT_STANDARD_LIBRARIES = YES;
				CODE_SIGN_STYLE = Automatic;
				CURRENT_PROJECT_VERSION = 1;
				GENERATE_INFOPLIST_FILE = YES;
				MARKETING_VERSION = 1.0;
				PRODUCT_BUNDLE_IDENTIFIER = "com.salam.appiumdemo.appium-demo-appUITests";
				PRODUCT_NAME = "$(TARGET_NAME)";
				SWIFT_EMIT_LOC_STRINGS = NO;
				SWIFT_VERSION = 5.0;
				TARGETED_DEVICE_FAMILY = "1,2";
				TEST_TARGET_NAME = appium_demo_app;
			};
			name = Debug;
		};
		39709E99293E3C92008443B2 /* Release */ = {
			isa = XCBuildConfiguration;
			buildSettings = {
				ALWAYS_EMBED_SWIFT_STANDARD_LIBRARIES = YES;
				CODE_SIGN_STYLE = Automatic;
				CURRENT_PROJECT_VERSION = 1;
				GENERATE_INFOPLIST_FILE = YES;
				MARKETING_VERSION = 1.0;
				PRODUCT_BUNDLE_IDENTIFIER = "com.salam.appiumdemo.appium-demo-appUITests";
				PRODUCT_NAME = "$(TARGET_NAME)";
				SWIFT_EMIT_LOC_STRINGS = NO;
				SWIFT_VERSION = 5.0;
				TARGETED_DEVICE_FAMILY = "1,2";
				TEST_TARGET_NAME = appium_demo_app;
			};
			name = Release;
		};
/* End XCBuildConfiguration section */

/* Begin XCConfigurationList section */
		39709E68293E3C91008443B2 /* Build configuration list for PBXProject "appium_demo_app" */ = {
			isa = XCConfigurationList;
			buildConfigurations = (
				39709E8F293E3C92008443B2 /* Debug */,
				39709E90293E3C92008443B2 /* Release */,
			);
			defaultConfigurationIsVisible = 0;
			defaultConfigurationName = Release;
		};
		39709E91293E3C92008443B2 /* Build configuration list for PBXNativeTarget "appium_demo_app" */ = {
			isa = XCConfigurationList;
			buildConfigurations = (
				39709E92293E3C92008443B2 /* Debug */,
				39709E93293E3C92008443B2 /* Release */,
			);
			defaultConfigurationIsVisible = 0;
			defaultConfigurationName = Release;
		};
		39709E94293E3C92008443B2 /* Build configuration list for PBXNativeTarget "appium_demo_appTests" */ = {
			isa = XCConfigurationList;
			buildConfigurations = (
				39709E95293E3C92008443B2 /* Debug */,
				39709E96293E3C92008443B2 /* Release */,
			);
			defaultConfigurationIsVisible = 0;
			defaultConfigurationName = Release;
		};
		39709E97293E3C92008443B2 /* Build configuration list for PBXNativeTarget "appium_demo_appUITests" */ = {
			isa = XCConfigurationList;
			buildConfigurations = (
				39709E98293E3C92008443B2 /* Debug */,
				39709E99293E3C92008443B2 /* Release */,
			);
			defaultConfigurationIsVisible = 0;
			defaultConfigurationName = Release;
		};
/* End XCConfigurationList section */
	};
	rootObject = 39709E65293E3C91008443B2 /* Project object */;
}
